
Microsoft Visual Studio Solution File, Format Version 11.00
# Visual C++ Express 2010
Project("{8BC9CEB8-8B4A-11D0-8D11-00A0C91BC942}") = "httest", "httest\httest.vcxproj", "{6D25ACA9-6028-46DA-AE34-B8050C39DDD8}"
EndProject
Project("{8BC9CEB8-8B4A-11D0-8D11-00A0C91BC942}") = "htproxy", "htproxy\htproxy.vcxproj", "{55E5F6FE-EBA3-4521-BC06-03B7CF9C806A}"
EndProject
Project("{8BC9CEB8-8B4A-11D0-8D11-00A0C91BC942}") = "htremote", "htremote\htremote.vcxproj", "{B1AEEF77-3164-4FA8-BCA4-CE7FFA5345DE}"
EndProject
Project("{8BC9CEB8-8B4A-11D0-8D11-00A0C91BC942}") = "htntlm", "htntlm\htntlm.vcxproj", "{DC3511B8-9FD3-4ED2-B526-16939F811B73}"
EndProject
Project("{8BC9CEB8-8B4A-11D0-8D11-00A0C91BC942}") = "htx2b", "htx2b\htx2b.vcxproj", "{77C48068-957E-429E-B4D5-8ECA6A025A0D}"
EndProject
Project("{8BC9CEB8-8B4A-11D0-8D11-00A0C91BC942}") = "hturlext", "hturlext\hturlext.vcxproj", "{3F1DE0D1-8847-41CF-B076-1E44D445645E}"
EndProject
Global
	GlobalSection(SolutionConfigurationPlatforms) = preSolution
		Debug|Win32 = Debug|Win32
		Release|Win32 = Release|Win32
	EndGlobalSection
	GlobalSection(ProjectConfigurationPlatforms) = postSolution
		{6D25ACA9-6028-46DA-AE34-B8050C39DDD8}.Debug|Win32.ActiveCfg = Debug|Win32
		{6D25ACA9-6028-46DA-AE34-B8050C39DDD8}.Debug|Win32.Build.0 = Debug|Win32
		{6D25ACA9-6028-46DA-AE34-B8050C39DDD8}.Release|Win32.ActiveCfg = Release|Win32
		{6D25ACA9-6028-46DA-AE34-B8050C39DDD8}.Release|Win32.Build.0 = Release|Win32
		{55E5F6FE-EBA3-4521-BC06-03B7CF9C806A}.Debug|Win32.ActiveCfg = Debug|Win32
		{55E5F6FE-EBA3-4521-BC06-03B7CF9C806A}.Debug|Win32.Build.0 = Debug|Win32
		{55E5F6FE-EBA3-4521-BC06-03B7CF9C806A}.Release|Win32.ActiveCfg = Release|Win32
		{55E5F6FE-EBA3-4521-BC06-03B7CF9C806A}.Release|Win32.Build.0 = Release|Win32
		{B1AEEF77-3164-4FA8-BCA4-CE7FFA5345DE}.Debug|Win32.ActiveCfg = Debug|Win32
		{B1AEEF77-3164-4FA8-BCA4-CE7FFA5345DE}.Debug|Win32.Build.0 = Debug|Win32
		{B1AEEF77-3164-4FA8-BCA4-CE7FFA5345DE}.Release|Win32.ActiveCfg = Release|Win32
		{B1AEEF77-3164-4FA8-BCA4-CE7FFA5345DE}.Release|Win32.Build.0 = Release|Win32
		{DC3511B8-9FD3-4ED2-B526-16939F811B73}.Debug|Win32.ActiveCfg = Debug|Win32
		{DC3511B8-9FD3-4ED2-B526-16939F811B73}.Debug|Win32.Build.0 = Debug|Win32
		{DC3511B8-9FD3-4ED2-B526-16939F811B73}.Release|Win32.ActiveCfg = Release|Win32
		{DC3511B8-9FD3-4ED2-B526-16939F811B73}.Release|Win32.Build.0 = Release|Win32
		{77C48068-957E-429E-B4D5-8ECA6A025A0D}.Debug|Win32.ActiveCfg = Debug|Win32
		{77C48068-957E-429E-B4D5-8ECA6A025A0D}.Debug|Win32.Build.0 = Debug|Win32
		{77C48068-957E-429E-B4D5-8ECA6A025A0D}.Release|Win32.ActiveCfg = Release|Win32
		{77C48068-957E-429E-B4D5-8ECA6A025A0D}.Release|Win32.Build.0 = Release|Win32
		{3F1DE0D1-8847-41CF-B076-1E44D445645E}.Debug|Win32.ActiveCfg = Debug|Win32
		{3F1DE0D1-8847-41CF-B076-1E44D445645E}.Debug|Win32.Build.0 = Debug|Win32
		{3F1DE0D1-8847-41CF-B076-1E44D445645E}.Release|Win32.ActiveCfg = Release|Win32
		{3F1DE0D1-8847-41CF-B076-1E44D445645E}.Release|Win32.Build.0 = Release|Win32
	EndGlobalSection
	GlobalSection(SolutionProperties) = preSolution
		HideSolutionNode = FALSE
	EndGlobalSection
EndGlobal
